<?xml version="1.0" encoding="utf-8"?>
<Project ToolsVersion="4.0" xmlns="http://schemas.microsoft.com/developer/msbuild/2003">
  <ItemGroup>
    <Filter Include="Source Files">
      <UniqueIdentifier>{4FC737F1-C7A5-4376-A066-2A32D752A2FF}</UniqueIdentifier>
      <Extensions>cpp;c;cc;cxx;c++;cppm;ixx;def;odl;idl;hpj;bat;asm;asmx</Extensions>
    </Filter>
    <Filter Include="Camera">
      <UniqueIdentifier>{50e2678d-45f7-4dd8-ba0a-de4f4f8eb4c2}</UniqueIdentifier>
    </Filter>
    <Filter Include="Games">
      <UniqueIdentifier>{416e186d-bef6-40b3-b3f6-6b7e278d513e}</UniqueIdentifier>
    </Filter>
    <Filter Include="Games\Carbon">
      <UniqueIdentifier>{8ad5339a-ee04-4e03-b1a7-393ef4cd5273}</UniqueIdentifier>
    </Filter>
    <Filter Include="Games\MostWanted">
      <UniqueIdentifier>{f4916b13-e08c-4974-8e2b-6f771f4937f8}</UniqueIdentifier>
    </Filter>
  </ItemGroup>
  <ItemGroup>
    <ClCompile Include="dllmain.cpp">
      <Filter>Source Files</Filter>
    </ClCompile>
    <ClCompile Include="CameraRotation.cpp">
      <Filter>Camera</Filter>
    </ClCompile>
    <ClCompile Include="Carbon.cpp">
      <Filter>Games\Carbon</Filter>
    </ClCompile>
    <ClCompile Include="MostWanted.cpp">
      <Filter>Games\MostWanted</Filter>
    </ClCompile>
  </ItemGroup>
  <ItemGroup>
    <ClInclude Include="CarbonApi.h">
      <Filter>Games\Carbon</Filter>
    </ClInclude>
    <ClInclude Include="Carbon.h">
      <Filter>Games\Carbon</Filter>
    </ClInclude>
    <ClInclude Include="MostWanted.h">
      <Filter>Games\MostWanted</Filter>
    </ClInclude>
    <ClInclude Include="CameraRotation.h">
      <Filter>Camera</Filter>
    </ClInclude>
  </ItemGroup>
</Project>